
Microsoft Visual Studio Solution File, Format Version 12.00
# Visual Studio 15
VisualStudioVersion = 15.0.28307.329
MinimumVisualStudioVersion = 10.0.40219.1
Project("{9A19103F-16F7-4668-BE54-9A1E7A4F7556}") = "CommandPattern", "CommandPattern\CommandPattern.csproj", "{F33C9677-1815-472A-BB21-0FCE9C33BBBF}"
EndProject
Project("{FAE04EC0-301F-11D3-BF4B-00C04F79EFBC}") = "Temporaries", "Temporaries\Temporaries.csproj", "{688495FB-C16A-4BFF-8C41-F078037C1F63}"
EndProject
Project("{FAE04EC0-301F-11D3-BF4B-00C04F79EFBC}") = "OSOperations", "OSOperations\OSOperations.csproj", "{36ACBAF2-0BBB-405D-91D9-5A443A645C31}"
EndProject
Project("{FAE04EC0-301F-11D3-BF4B-00C04F79EFBC}") = "JsonSerialization", "JsonSerialization\JsonSerialization.csproj", "{C9EA3469-6E12-441A-BF61-1597965B88F9}"
EndProject
Project("{FAE04EC0-301F-11D3-BF4B-00C04F79EFBC}") = "Tests", "Tests\Tests.csproj", "{71B95167-F39B-406F-9A6F-33CAFE5BD0A3}"
EndProject
Project("{FAE04EC0-301F-11D3-BF4B-00C04F79EFBC}") = "SmartTasks", "SmartTasks\SmartTasks.csproj", "{69B56123-AF13-47C9-8174-C3B0BF3D7140}"
EndProject
Project("{FAE04EC0-301F-11D3-BF4B-00C04F79EFBC}") = "TimeTracers", "TimeTracers\TimeTracers.csproj", "{3CC95F4A-C961-4942-9BEC-5FE65422B95E}"
EndProject
Project("{FAE04EC0-301F-11D3-BF4B-00C04F79EFBC}") = "IOWrapper", "IOWrapper\IOWrapper.csproj", "{EC479443-435F-4F63-9D95-AD3AD2D13CCA}"
EndProject
Project("{FAE04EC0-301F-11D3-BF4B-00C04F79EFBC}") = "WindowsServiceHandle", "WindowsServiceHandle\WindowsServiceHandle.csproj", "{29433B5E-5BEF-4A7C-8571-75073B18D33E}"
EndProject
Project("{FAE04EC0-301F-11D3-BF4B-00C04F79EFBC}") = "Cryptography", "Cryptography\Cryptography.csproj", "{3D920665-1ED1-4D34-8B9A-5AA6CAA7902B}"
EndProject
Global
	GlobalSection(SolutionConfigurationPlatforms) = preSolution
		Debug|Any CPU = Debug|Any CPU
		Release|Any CPU = Release|Any CPU
	EndGlobalSection
	GlobalSection(ProjectConfigurationPlatforms) = postSolution
		{F33C9677-1815-472A-BB21-0FCE9C33BBBF}.Debug|Any CPU.ActiveCfg = Debug|Any CPU
		{F33C9677-1815-472A-BB21-0FCE9C33BBBF}.Debug|Any CPU.Build.0 = Debug|Any CPU
		{F33C9677-1815-472A-BB21-0FCE9C33BBBF}.Release|Any CPU.ActiveCfg = Release|Any CPU
		{F33C9677-1815-472A-BB21-0FCE9C33BBBF}.Release|Any CPU.Build.0 = Release|Any CPU
		{688495FB-C16A-4BFF-8C41-F078037C1F63}.Debug|Any CPU.ActiveCfg = Debug|Any CPU
		{688495FB-C16A-4BFF-8C41-F078037C1F63}.Debug|Any CPU.Build.0 = Debug|Any CPU
		{688495FB-C16A-4BFF-8C41-F078037C1F63}.Release|Any CPU.ActiveCfg = Release|Any CPU
		{688495FB-C16A-4BFF-8C41-F078037C1F63}.Release|Any CPU.Build.0 = Release|Any CPU
		{36ACBAF2-0BBB-405D-91D9-5A443A645C31}.Debug|Any CPU.ActiveCfg = Debug|Any CPU
		{36ACBAF2-0BBB-405D-91D9-5A443A645C31}.Debug|Any CPU.Build.0 = Debug|Any CPU
		{36ACBAF2-0BBB-405D-91D9-5A443A645C31}.Release|Any CPU.ActiveCfg = Release|Any CPU
		{36ACBAF2-0BBB-405D-91D9-5A443A645C31}.Release|Any CPU.Build.0 = Release|Any CPU
		{C9EA3469-6E12-441A-BF61-1597965B88F9}.Debug|Any CPU.ActiveCfg = Debug|Any CPU
		{C9EA3469-6E12-441A-BF61-1597965B88F9}.Debug|Any CPU.Build.0 = Debug|Any CPU
		{C9EA3469-6E12-441A-BF61-1597965B88F9}.Release|Any CPU.ActiveCfg = Release|Any CPU
		{C9EA3469-6E12-441A-BF61-1597965B88F9}.Release|Any CPU.Build.0 = Release|Any CPU
		{71B95167-F39B-406F-9A6F-33CAFE5BD0A3}.Debug|Any CPU.ActiveCfg = Debug|Any CPU
		{71B95167-F39B-406F-9A6F-33CAFE5BD0A3}.Debug|Any CPU.Build.0 = Debug|Any CPU
		{71B95167-F39B-406F-9A6F-33CAFE5BD0A3}.Release|Any CPU.ActiveCfg = Release|Any CPU
		{71B95167-F39B-406F-9A6F-33CAFE5BD0A3}.Release|Any CPU.Build.0 = Release|Any CPU
		{69B56123-AF13-47C9-8174-C3B0BF3D7140}.Debug|Any CPU.ActiveCfg = Debug|Any CPU
		{69B56123-AF13-47C9-8174-C3B0BF3D7140}.Debug|Any CPU.Build.0 = Debug|Any CPU
		{69B56123-AF13-47C9-8174-C3B0BF3D7140}.Release|Any CPU.ActiveCfg = Release|Any CPU
		{69B56123-AF13-47C9-8174-C3B0BF3D7140}.Release|Any CPU.Build.0 = Release|Any CPU
		{3CC95F4A-C961-4942-9BEC-5FE65422B95E}.Debug|Any CPU.ActiveCfg = Debug|Any CPU
		{3CC95F4A-C961-4942-9BEC-5FE65422B95E}.Debug|Any CPU.Build.0 = Debug|Any CPU
		{3CC95F4A-C961-4942-9BEC-5FE65422B95E}.Release|Any CPU.ActiveCfg = Release|Any CPU
		{3CC95F4A-C961-4942-9BEC-5FE65422B95E}.Release|Any CPU.Build.0 = Release|Any CPU
		{EC479443-435F-4F63-9D95-AD3AD2D13CCA}.Debug|Any CPU.ActiveCfg = Debug|Any CPU
		{EC479443-435F-4F63-9D95-AD3AD2D13CCA}.Debug|Any CPU.Build.0 = Debug|Any CPU
		{EC479443-435F-4F63-9D95-AD3AD2D13CCA}.Release|Any CPU.ActiveCfg = Release|Any CPU
		{EC479443-435F-4F63-9D95-AD3AD2D13CCA}.Release|Any CPU.Build.0 = Release|Any CPU
		{29433B5E-5BEF-4A7C-8571-75073B18D33E}.Debug|Any CPU.ActiveCfg = Debug|Any CPU
		{29433B5E-5BEF-4A7C-8571-75073B18D33E}.Debug|Any CPU.Build.0 = Debug|Any CPU
		{29433B5E-5BEF-4A7C-8571-75073B18D33E}.Release|Any CPU.ActiveCfg = Release|Any CPU
		{29433B5E-5BEF-4A7C-8571-75073B18D33E}.Release|Any CPU.Build.0 = Release|Any CPU
		{3D920665-1ED1-4D34-8B9A-5AA6CAA7902B}.Debug|Any CPU.ActiveCfg = Debug|Any CPU
		{3D920665-1ED1-4D34-8B9A-5AA6CAA7902B}.Debug|Any CPU.Build.0 = Debug|Any CPU
		{3D920665-1ED1-4D34-8B9A-5AA6CAA7902B}.Release|Any CPU.ActiveCfg = Release|Any CPU
		{3D920665-1ED1-4D34-8B9A-5AA6CAA7902B}.Release|Any CPU.Build.0 = Release|Any CPU
	EndGlobalSection
	GlobalSection(SolutionProperties) = preSolution
		HideSolutionNode = FALSE
	EndGlobalSection
	GlobalSection(ExtensibilityGlobals) = postSolution
		SolutionGuid = {3310FEA5-588E-4D54-BEAA-0D0857C64ADF}
	EndGlobalSection
EndGlobal
